// !$*UTF8*$!
{
	archiveVersion = 1;
	classes = {
	};
	objectVersion = 50;
	objects = {

/* Begin PBXBuildFile section */
		1F9D511923A53277009C269D /* AppDelegate.m in Sources */ = {isa = PBXBuildFile; fileRef = 1F9D511823A53277009C269D /* AppDelegate.m */; };
		1F9D511C23A53277009C269D /* ViewController.m in Sources */ = {isa = PBXBuildFile; fileRef = 1F9D511B23A53277009C269D /* ViewController.m */; };
		1F9D511F23A53277009C269D /* Main.storyboard in Resources */ = {isa = PBXBuildFile; fileRef = 1F9D511D23A53277009C269D /* Main.storyboard */; };
		1F9D512123A53277009C269D /* Assets.xcassets in Resources */ = {isa = PBXBuildFile; fileRef = 1F9D512023A53277009C269D /* Assets.xcassets */; };
		1F9D512423A53277009C269D /* LaunchScreen.storyboard in Resources */ = {isa = PBXBuildFile; fileRef = 1F9D512223A53277009C269D /* LaunchScreen.storyboard */; };
		1F9D512723A53277009C269D /* main.m in Sources */ = {isa = PBXBuildFile; fileRef = 1F9D512623A53277009C269D /* main.m */; };
		1F9D512F23A532D2009C269D /* Student.m in Sources */ = {isa = PBXBuildFile; fileRef = 1F9D512E23A532D2009C269D /* Student.m */; };
		1F9D513523A53821009C269D /* LabelTextFieldTableViewCell.m in Sources */ = {isa = PBXBuildFile; fileRef = 1F9D513423A53821009C269D /* LabelTextFieldTableViewCell.m */; };
		1F9D513823A53835009C269D /* LabelSelectorTableViewCell.m in Sources */ = {isa = PBXBuildFile; fileRef = 1F9D513723A53835009C269D /* LabelSelectorTableViewCell.m */; };
/* End PBXBuildFile section */

/* Begin PBXFileReference section */
		1F9D511423A53277009C269D /* KVCKVOTask.app */ = {isa = PBXFileReference; explicitFileType = wrapper.application; includeInIndex = 0; path = KVCKVOTask.app; sourceTree = BUILT_PRODUCTS_DIR; };
		1F9D511723A53277009C269D /* AppDelegate.h */ = {isa = PBXFileReference; lastKnownFileType = sourcecode.c.h; path = AppDelegate.h; sourceTree = "<group>"; };
		1F9D511823A53277009C269D /* AppDelegate.m */ = {isa = PBXFileReference; lastKnownFileType = sourcecode.c.objc; path = AppDelegate.m; sourceTree = "<group>"; };
		1F9D511A23A53277009C269D /* ViewController.h */ = {isa = PBXFileReference; lastKnownFileType = sourcecode.c.h; path = ViewController.h; sourceTree = "<group>"; };
		1F9D511B23A53277009C269D /* ViewController.m */ = {isa = PBXFileReference; lastKnownFileType = sourcecode.c.objc; path = ViewController.m; sourceTree = "<group>"; };
		1F9D511E23A53277009C269D /* Base */ = {isa = PBXFileReference; lastKnownFileType = file.storyboard; name = Base; path = Base.lproj/Main.storyboard; sourceTree = "<group>"; };
		1F9D512023A53277009C269D /* Assets.xcassets */ = {isa = PBXFileReference; lastKnownFileType = folder.assetcatalog; path = Assets.xcassets; sourceTree = "<group>"; };
		1F9D512323A53277009C269D /* Base */ = {isa = PBXFileReference; lastKnownFileType = file.storyboard; name = Base; path = Base.lproj/LaunchScreen.storyboard; sourceTree = "<group>"; };
		1F9D512523A53277009C269D /* Info.plist */ = {isa = PBXFileReference; lastKnownFileType = text.plist.xml; path = Info.plist; sourceTree = "<group>"; };
		1F9D512623A53277009C269D /* main.m */ = {isa = PBXFileReference; lastKnownFileType = sourcecode.c.objc; path = main.m; sourceTree = "<group>"; };
		1F9D512D23A532D2009C269D /* Student.h */ = {isa = PBXFileReference; lastKnownFileType = sourcecode.c.h; path = Student.h; sourceTree = "<group>"; };
		1F9D512E23A532D2009C269D /* Student.m */ = {isa = PBXFileReference; lastKnownFileType = sourcecode.c.objc; path = Student.m; sourceTree = "<group>"; };
		1F9D513323A53821009C269D /* LabelTextFieldTableViewCell.h */ = {isa = PBXFileReference; lastKnownFileType = sourcecode.c.h; path = LabelTextFieldTableViewCell.h; sourceTree = "<group>"; };
		1F9D513423A53821009C269D /* LabelTextFieldTableViewCell.m */ = {isa = PBXFileReference; lastKnownFileType = sourcecode.c.objc; path = LabelTextFieldTableViewCell.m; sourceTree = "<group>"; };
		1F9D513623A53835009C269D /* LabelSelectorTableViewCell.h */ = {isa = PBXFileReference; lastKnownFileType = sourcecode.c.h; path = LabelSelectorTableViewCell.h; sourceTree = "<group>"; };
		1F9D513723A53835009C269D /* LabelSelectorTableViewCell.m */ = {isa = PBXFileReference; lastKnownFileType = sourcecode.c.objc; path = LabelSelectorTableViewCell.m; sourceTree = "<group>"; };
/* End PBXFileReference section */

/* Begin PBXFrameworksBuildPhase section */
		1F9D511123A53277009C269D /* Frameworks */ = {
			isa = PBXFrameworksBuildPhase;
			buildActionMask = 2147483647;
			files = (
			);
			runOnlyForDeploymentPostprocessing = 0;
		};
/* End PBXFrameworksBuildPhase section */

/* Begin PBXGroup section */
		1F9D510B23A53276009C269D = {
			isa = PBXGroup;
			children = (
				1F9D511623A53277009C269D /* KVCKVOTask */,
				1F9D511523A53277009C269D /* Products */,
			);
			sourceTree = "<group>";
		};
		1F9D511523A53277009C269D /* Products */ = {
			isa = PBXGroup;
			children = (
				1F9D511423A53277009C269D /* KVCKVOTask.app */,
			);
			name = Products;
			sourceTree = "<group>";
		};
		1F9D511623A53277009C269D /* KVCKVOTask */ = {
			isa = PBXGroup;
			children = (
				1F9D511723A53277009C269D /* AppDelegate.h */,
				1F9D511823A53277009C269D /* AppDelegate.m */,
				1F9D511A23A53277009C269D /* ViewController.h */,
				1F9D511B23A53277009C269D /* ViewController.m */,
				1F9D511D23A53277009C269D /* Main.storyboard */,
				1F9D512023A53277009C269D /* Assets.xcassets */,
				1F9D512223A53277009C269D /* LaunchScreen.storyboard */,
				1F9D512523A53277009C269D /* Info.plist */,
				1F9D512623A53277009C269D /* main.m */,
				1F9D512D23A532D2009C269D /* Student.h */,
				1F9D512E23A532D2009C269D /* Student.m */,
				1F9D513323A53821009C269D /* LabelTextFieldTableViewCell.h */,
				1F9D513423A53821009C269D /* LabelTextFieldTableViewCell.m */,
				1F9D513623A53835009C269D /* LabelSelectorTableViewCell.h */,
				1F9D513723A53835009C269D /* LabelSelectorTableViewCell.m */,
			);
			path = KVCKVOTask;
			sourceTree = "<group>";
		};
/* End PBXGroup section */

/* Begin PBXNativeTarget section */
		1F9D511323A53277009C269D /* KVCKVOTask */ = {
			isa = PBXNativeTarget;
			buildConfigurationList = 1F9D512A23A53277009C269D /* Build configuration list for PBXNativeTarget "KVCKVOTask" */;
			buildPhases = (
				1F9D511023A53277009C269D /* Sources */,
				1F9D511123A53277009C269D /* Frameworks */,
				1F9D511223A53277009C269D /* Resources */,
			);
			buildRules = (
			);
			dependencies = (
			);
			name = KVCKVOTask;
			productName = KVCKVOTask;
			productReference = 1F9D511423A53277009C269D /* KVCKVOTask.app */;
			productType = "com.apple.product-type.application";
		};
/* End PBXNativeTarget section */

/* Begin PBXProject section */
		1F9D510C23A53276009C269D /* Project object */ = {
			isa = PBXProject;
			attributes = {
				LastUpgradeCheck = 1010;
				ORGANIZATIONNAME = "Aleksandr Shushkov";
				TargetAttributes = {
					1F9D511323A53277009C269D = {
						CreatedOnToolsVersion = 10.1;
					};
				};
			};
			buildConfigurationList = 1F9D510F23A53276009C269D /* Build configuration list for PBXProject "KVCKVOTask" */;
			compatibilityVersion = "Xcode 9.3";
			developmentRegion = en;
			hasScannedForEncodings = 0;
			knownRegions = (
				en,
				Base,
			);
			mainGroup = 1F9D510B23A53276009C269D;
			productRefGroup = 1F9D511523A53277009C269D /* Products */;
			projectDirPath = "";
			projectRoot = "";
			targets = (
				1F9D511323A53277009C269D /* KVCKVOTask */,
			);
		};
/* End PBXProject section */

/* Begin PBXResourcesBuildPhase section */
		1F9D511223A53277009C269D /* Resources */ = {
			isa = PBXResourcesBuildPhase;
			buildActionMask = 2147483647;
			files = (
				1F9D512423A53277009C269D /* LaunchScreen.storyboard in Resources */,
				1F9D512123A53277009C269D /* Assets.xcassets in Resources */,
				1F9D511F23A53277009C269D /* Main.storyboard in Resources */,
			);
			runOnlyForDeploymentPostprocessing = 0;
		};
/* End PBXResourcesBuildPhase section */

/* Begin PBXSourcesBuildPhase section */
		1F9D511023A53277009C269D /* Sources */ = {
			isa = PBXSourcesBuildPhase;
			buildActionMask = 2147483647;
			files = (
				1F9D511C23A53277009C269D /* ViewController.m in Sources */,
				1F9D512723A53277009C269D /* main.m in Sources */,
				1F9D511923A53277009C269D /* AppDelegate.m in Sources */,
				1F9D513823A53835009C269D /* LabelSelectorTableViewCell.m in Sources */,
				1F9D513523A53821009C269D /* LabelTextFieldTableViewCell.m in Sources */,
				1F9D512F23A532D2009C269D /* Student.m in Sources */,
			);
			runOnlyForDeploymentPostprocessing = 0;
		};
/* End PBXSourcesBuildPhase section */

/* Begin PBXVariantGroup section */
		1F9D511D23A53277009C269D /* Main.storyboard */ = {
			isa = PBXVariantGroup;
			children = (
				1F9D511E23A53277009C269D /* Base */,
			);
			name = Main.storyboard;
			sourceTree = "<group>";
		};
		1F9D512223A53277009C269D /* LaunchScreen.storyboard */ = {
			isa = PBXVariantGroup;
			children = (
				1F9D512323A53277009C269D /* Base */,
			);
			name = LaunchScreen.storyboard;
			sourceTree = "<group>";
		};
/* End PBXVariantGroup section */

/* Begin XCBuildConfiguration section */
		1F9D512823A53277009C269D /* Debug */ = {
			isa = XCBuildConfiguration;
			buildSettings = {
				ALWAYS_SEARCH_USER_PATHS = NO;
				CLANG_ANALYZER_NONNULL = YES;
				CLANG_ANALYZER_NUMBER_OBJECT_CONVERSION = YES_AGGRESSIVE;
				CLANG_CXX_LANGUAGE_STANDARD = "gnu++14";
				CLANG_CXX_LIBRARY = "libc++";
				CLANG_ENABLE_MODULES = YES;
				CLANG_ENABLE_OBJC_ARC = YES;
				CLANG_ENABLE_OBJC_WEAK = YES;
				CLANG_WARN_BLOCK_CAPTURE_AUTORELEASING = YES;
				CLANG_WARN_BOOL_CONVERSION = YES;
				CLANG_WARN_COMMA = YES;
				CLANG_WARN_CONSTANT_CONVERSION = YES;
				CLANG_WARN_DEPRECATED_OBJC_IMPLEMENTATIONS = YES;
				CLANG_WARN_DIRECT_OBJC_ISA_USAGE = YES_ERROR;
				CLANG_WARN_DOCUMENTATION_COMMENTS = YES;
				CLANG_WARN_EMPTY_BODY = YES;
				CLANG_WARN_ENUM_CONVERSION = YES;
				CLANG_WARN_INFINITE_RECURSION = YES;
				CLANG_WARN_INT_CONVERSION = YES;
				CLANG_WARN_NON_LITERAL_NULL_CONVERSION = YES;
				CLANG_WARN_OBJC_IMPLICIT_RETAIN_SELF = YES;
				CLANG_WARN_OBJC_LITERAL_CONVERSION = YES;
				CLANG_WARN_OBJC_ROOT_CLASS = YES_ERROR;
				CLANG_WARN_RANGE_LOOP_ANALYSIS = YES;
				CLANG_WARN_STRICT_PROTOTYPES = YES;
				CLANG_WARN_SUSPICIOUS_MOVE = YES;
				CLANG_WARN_UNGUARDED_AVAILABILITY = YES_AGGRESSIVE;
				CLANG_WARN_UNREACHABLE_CODE = YES;
				CLANG_WARN__DUPLICATE_METHOD_MATCH = YES;
				CODE_SIGN_IDENTITY = "iPhone Developer";
				COPY_PHASE_STRIP = NO;
				DEBUG_INFORMATION_FORMAT = dwarf;
				ENABLE_STRICT_OBJC_MSGSEND = YES;
				ENABLE_TESTABILITY = YES;
				GCC_C_LANGUAGE_STANDARD = gnu11;
				GCC_DYNAMIC_NO_PIC = NO;
				GCC_NO_COMMON_BLOCKS = YES;
				GCC_OPTIMIZATION_LEVEL = 0;
				GCC_PREPROCESSOR_DEFINITIONS = (
					"DEBUG=1",
					"$(inherited)",
				);
				GCC_WARN_64_TO_32_BIT_CONVERSION = YES;
				GCC_WARN_ABOUT_RETURN_TYPE = YES_ERROR;
				GCC_WARN_UNDECLARED_SELECTOR = YES;
				GCC_WARN_UNINITIALIZED_AUTOS = YES_AGGRESSIVE;
				GCC_WARN_UNUSED_FUNCTION = YES;
				GCC_WARN_UNUSED_VARIABLE = YES;
				IPHONEOS_DEPLOYMENT_TARGET = 12.1;
				MTL_ENABLE_DEBUG_INFO = INCLUDE_SOURCE;
				MTL_FAST_MATH = YES;
				ONLY_ACTIVE_ARCH = YES;
				SDKROOT = iphoneos;
			};
			name = Debug;
		};
		1F9D512923A53277009C269D /* Release */ = {
			isa = XCBuildConfiguration;
			buildSettings = {
				ALWAYS_SEARCH_USER_PATHS = NO;
				CLANG_ANALYZER_NONNULL = YES;
				CLANG_ANALYZER_NUMBER_OBJECT_CONVERSION = YES_AGGRESSIVE;
				CLANG_CXX_LANGUAGE_STANDARD = "gnu++14";
				CLANG_CXX_LIBRARY = "libc++";
				CLANG_ENABLE_MODULES = YES;
				CLANG_ENABLE_OBJC_ARC = YES;
				CLANG_ENABLE_OBJC_WEAK = YES;
				CLANG_WARN_BLOCK_CAPTURE_AUTORELEASING = YES;
				CLANG_WARN_BOOL_CONVERSION = YES;
				CLANG_WARN_COMMA = YES;
				CLANG_WARN_CONSTANT_CONVERSION = YES;
				CLANG_WARN_DEPRECATED_OBJC_IMPLEMENTATIONS = YES;
				CLANG_WARN_DIRECT_OBJC_ISA_USAGE = YES_ERROR;
				CLANG_WARN_DOCUMENTATION_COMMENTS = YES;
				CLANG_WARN_EMPTY_BODY = YES;
				CLANG_WARN_ENUM_CONVERSION = YES;
				CLANG_WARN_INFINITE_RECURSION = YES;
				CLANG_WARN_INT_CONVERSION = YES;
				CLANG_WARN_NON_LITERAL_NULL_CONVERSION = YES;
				CLANG_WARN_OBJC_IMPLICIT_RETAIN_SELF = YES;
				CLANG_WARN_OBJC_LITERAL_CONVERSION = YES;
				CLANG_WARN_OBJC_ROOT_CLASS = YES_ERROR;
				CLANG_WARN_RANGE_LOOP_ANALYSIS = YES;
				CLANG_WARN_STRICT_PROTOTYPES = YES;
				CLANG_WARN_SUSPICIOUS_MOVE = YES;
				CLANG_WARN_UNGUARDED_AVAILABILITY = YES_AGGRESSIVE;
				CLANG_WARN_UNREACHABLE_CODE = YES;
				CLANG_WARN__DUPLICATE_METHOD_MATCH = YES;
				CODE_SIGN_IDENTITY = "iPhone Developer";
				COPY_PHASE_STRIP = NO;
				DEBUG_INFORMATION_FORMAT = "dwarf-with-dsym";
				ENABLE_NS_ASSERTIONS = NO;
				ENABLE_STRICT_OBJC_MSGSEND = YES;
				GCC_C_LANGUAGE_STANDARD = gnu11;
				GCC_NO_COMMON_BLOCKS = YES;
				GCC_WARN_64_TO_32_BIT_CONVERSION = YES;
				GCC_WARN_ABOUT_RETURN_TYPE = YES_ERROR;
				GCC_WARN_UNDECLARED_SELECTOR = YES;
				GCC_WARN_UNINITIALIZED_AUTOS = YES_AGGRESSIVE;
				GCC_WARN_UNUSED_FUNCTION = YES;
				GCC_WARN_UNUSED_VARIABLE = YES;
				IPHONEOS_DEPLOYMENT_TARGET = 12.1;
				MTL_ENABLE_DEBUG_INFO = NO;
				MTL_FAST_MATH = YES;
				SDKROOT = iphoneos;
				VALIDATE_PRODUCT = YES;
			};
			name = Release;
		};
		1F9D512B23A53277009C269D /* Debug */ = {
			isa = XCBuildConfiguration;
			buildSettings = {
				ASSETCATALOG_COMPILER_APPICON_NAME = AppIcon;
				CODE_SIGN_STYLE = Automatic;
				DEVELOPMENT_TEAM = T3599UP2ZB;
				INFOPLIST_FILE = KVCKVOTask/Info.plist;
				LD_RUNPATH_SEARCH_PATHS = (
					"$(inherited)",
					"@executable_path/Frameworks",
				);
				PRODUCT_BUNDLE_IDENTIFIER = com.aleksandrshuskov.KVCKVOTask;
				PRODUCT_NAME = "$(TARGET_NAME)";
				TARGETED_DEVICE_FAMILY = "1,2";
			};
			name = Debug;
		};
		1F9D512C23A53277009C269D /* Release */ = {
			isa = XCBuildConfiguration;
			buildSettings = {
				ASSETCATALOG_COMPILER_APPICON_NAME = AppIcon;
				CODE_SIGN_STYLE = Automatic;
				DEVELOPMENT_TEAM = T3599UP2ZB;
				INFOPLIST_FILE = KVCKVOTask/Info.plist;
				LD_RUNPATH_SEARCH_PATHS = (
					"$(inherited)",
					"@executable_path/Frameworks",
				);
				PRODUCT_BUNDLE_IDENTIFIER = com.aleksandrshuskov.KVCKVOTask;
				PRODUCT_NAME = "$(TARGET_NAME)";
				TARGETED_DEVICE_FAMILY = "1,2";
			};
			name = Release;
		};
/* End XCBuildConfiguration section */

/* Begin XCConfigurationList section */
		1F9D510F23A53276009C269D /* Build configuration list for PBXProject "KVCKVOTask" */ = {
			isa = XCConfigurationList;
			buildConfigurations = (
				1F9D512823A53277009C269D /* Debug */,
				1F9D512923A53277009C269D /* Release */,
			);
			defaultConfigurationIsVisible = 0;
			defaultConfigurationName = Release;
		};
		1F9D512A23A53277009C269D /* Build configuration list for PBXNativeTarget "KVCKVOTask" */ = {
			isa = XCConfigurationList;
			buildConfigurations = (
				1F9D512B23A53277009C269D /* Debug */,
				1F9D512C23A53277009C269D /* Release */,
			);
			defaultConfigurationIsVisible = 0;
			defaultConfigurationName = Release;
		};
/* End XCConfigurationList section */
	};
	rootObject = 1F9D510C23A53276009C269D /* Project object */;
}
