// !$*UTF8*$!
{
	archiveVersion = 1;
	classes = {
	};
	objectVersion = 50;
	objects = {

/* Begin PBXBuildFile section */
		1F6550DD22F34D0D005C74E3 /* AppDelegate.m in Sources */ = {isa = PBXBuildFile; fileRef = 1F6550DC22F34D0D005C74E3 /* AppDelegate.m */; };
		1F6550E022F34D0D005C74E3 /* ViewController.m in Sources */ = {isa = PBXBuildFile; fileRef = 1F6550DF22F34D0D005C74E3 /* ViewController.m */; };
		1F6550E322F34D0D005C74E3 /* Main.storyboard in Resources */ = {isa = PBXBuildFile; fileRef = 1F6550E122F34D0D005C74E3 /* Main.storyboard */; };
		1F6550E522F34D0E005C74E3 /* Assets.xcassets in Resources */ = {isa = PBXBuildFile; fileRef = 1F6550E422F34D0E005C74E3 /* Assets.xcassets */; };
		1F6550E822F34D0E005C74E3 /* LaunchScreen.storyboard in Resources */ = {isa = PBXBuildFile; fileRef = 1F6550E622F34D0E005C74E3 /* LaunchScreen.storyboard */; };
		1F6550EB22F34D0E005C74E3 /* main.m in Sources */ = {isa = PBXBuildFile; fileRef = 1F6550EA22F34D0E005C74E3 /* main.m */; };
		1F6550F322F34E21005C74E3 /* sman.jpg in Resources */ = {isa = PBXBuildFile; fileRef = 1F6550F222F34E21005C74E3 /* sman.jpg */; };
/* End PBXBuildFile section */

/* Begin PBXFileReference section */
		1F6550D822F34D0D005C74E3 /* GesturesTask.app */ = {isa = PBXFileReference; explicitFileType = wrapper.application; includeInIndex = 0; path = GesturesTask.app; sourceTree = BUILT_PRODUCTS_DIR; };
		1F6550DB22F34D0D005C74E3 /* AppDelegate.h */ = {isa = PBXFileReference; lastKnownFileType = sourcecode.c.h; path = AppDelegate.h; sourceTree = "<group>"; };
		1F6550DC22F34D0D005C74E3 /* AppDelegate.m */ = {isa = PBXFileReference; lastKnownFileType = sourcecode.c.objc; path = AppDelegate.m; sourceTree = "<group>"; };
		1F6550DE22F34D0D005C74E3 /* ViewController.h */ = {isa = PBXFileReference; lastKnownFileType = sourcecode.c.h; path = ViewController.h; sourceTree = "<group>"; };
		1F6550DF22F34D0D005C74E3 /* ViewController.m */ = {isa = PBXFileReference; lastKnownFileType = sourcecode.c.objc; path = ViewController.m; sourceTree = "<group>"; };
		1F6550E222F34D0D005C74E3 /* Base */ = {isa = PBXFileReference; lastKnownFileType = file.storyboard; name = Base; path = Base.lproj/Main.storyboard; sourceTree = "<group>"; };
		1F6550E422F34D0E005C74E3 /* Assets.xcassets */ = {isa = PBXFileReference; lastKnownFileType = folder.assetcatalog; path = Assets.xcassets; sourceTree = "<group>"; };
		1F6550E722F34D0E005C74E3 /* Base */ = {isa = PBXFileReference; lastKnownFileType = file.storyboard; name = Base; path = Base.lproj/LaunchScreen.storyboard; sourceTree = "<group>"; };
		1F6550E922F34D0E005C74E3 /* Info.plist */ = {isa = PBXFileReference; lastKnownFileType = text.plist.xml; path = Info.plist; sourceTree = "<group>"; };
		1F6550EA22F34D0E005C74E3 /* main.m */ = {isa = PBXFileReference; lastKnownFileType = sourcecode.c.objc; path = main.m; sourceTree = "<group>"; };
		1F6550F222F34E21005C74E3 /* sman.jpg */ = {isa = PBXFileReference; lastKnownFileType = image.jpeg; path = sman.jpg; sourceTree = "<group>"; };
/* End PBXFileReference section */

/* Begin PBXFrameworksBuildPhase section */
		1F6550D522F34D0D005C74E3 /* Frameworks */ = {
			isa = PBXFrameworksBuildPhase;
			buildActionMask = 2147483647;
			files = (
			);
			runOnlyForDeploymentPostprocessing = 0;
		};
/* End PBXFrameworksBuildPhase section */

/* Begin PBXGroup section */
		1F6550CF22F34D0D005C74E3 = {
			isa = PBXGroup;
			children = (
				1F6550F122F34E21005C74E3 /* Images */,
				1F6550DA22F34D0D005C74E3 /* GesturesTask */,
				1F6550D922F34D0D005C74E3 /* Products */,
			);
			sourceTree = "<group>";
		};
		1F6550D922F34D0D005C74E3 /* Products */ = {
			isa = PBXGroup;
			children = (
				1F6550D822F34D0D005C74E3 /* GesturesTask.app */,
			);
			name = Products;
			sourceTree = "<group>";
		};
		1F6550DA22F34D0D005C74E3 /* GesturesTask */ = {
			isa = PBXGroup;
			children = (
				1F6550DB22F34D0D005C74E3 /* AppDelegate.h */,
				1F6550DC22F34D0D005C74E3 /* AppDelegate.m */,
				1F6550DE22F34D0D005C74E3 /* ViewController.h */,
				1F6550DF22F34D0D005C74E3 /* ViewController.m */,
				1F6550E122F34D0D005C74E3 /* Main.storyboard */,
				1F6550E422F34D0E005C74E3 /* Assets.xcassets */,
				1F6550E622F34D0E005C74E3 /* LaunchScreen.storyboard */,
				1F6550E922F34D0E005C74E3 /* Info.plist */,
				1F6550EA22F34D0E005C74E3 /* main.m */,
			);
			path = GesturesTask;
			sourceTree = "<group>";
		};
		1F6550F122F34E21005C74E3 /* Images */ = {
			isa = PBXGroup;
			children = (
				1F6550F222F34E21005C74E3 /* sman.jpg */,
			);
			path = Images;
			sourceTree = "<group>";
		};
/* End PBXGroup section */

/* Begin PBXNativeTarget section */
		1F6550D722F34D0D005C74E3 /* GesturesTask */ = {
			isa = PBXNativeTarget;
			buildConfigurationList = 1F6550EE22F34D0E005C74E3 /* Build configuration list for PBXNativeTarget "GesturesTask" */;
			buildPhases = (
				1F6550D422F34D0D005C74E3 /* Sources */,
				1F6550D522F34D0D005C74E3 /* Frameworks */,
				1F6550D622F34D0D005C74E3 /* Resources */,
			);
			buildRules = (
			);
			dependencies = (
			);
			name = GesturesTask;
			productName = GesturesTask;
			productReference = 1F6550D822F34D0D005C74E3 /* GesturesTask.app */;
			productType = "com.apple.product-type.application";
		};
/* End PBXNativeTarget section */

/* Begin PBXProject section */
		1F6550D022F34D0D005C74E3 /* Project object */ = {
			isa = PBXProject;
			attributes = {
				LastUpgradeCheck = 1010;
				ORGANIZATIONNAME = "Aleksandr Shushkov";
				TargetAttributes = {
					1F6550D722F34D0D005C74E3 = {
						CreatedOnToolsVersion = 10.1;
					};
				};
			};
			buildConfigurationList = 1F6550D322F34D0D005C74E3 /* Build configuration list for PBXProject "GesturesTask" */;
			compatibilityVersion = "Xcode 9.3";
			developmentRegion = en;
			hasScannedForEncodings = 0;
			knownRegions = (
				en,
				Base,
			);
			mainGroup = 1F6550CF22F34D0D005C74E3;
			productRefGroup = 1F6550D922F34D0D005C74E3 /* Products */;
			projectDirPath = "";
			projectRoot = "";
			targets = (
				1F6550D722F34D0D005C74E3 /* GesturesTask */,
			);
		};
/* End PBXProject section */

/* Begin PBXResourcesBuildPhase section */
		1F6550D622F34D0D005C74E3 /* Resources */ = {
			isa = PBXResourcesBuildPhase;
			buildActionMask = 2147483647;
			files = (
				1F6550E822F34D0E005C74E3 /* LaunchScreen.storyboard in Resources */,
				1F6550F322F34E21005C74E3 /* sman.jpg in Resources */,
				1F6550E522F34D0E005C74E3 /* Assets.xcassets in Resources */,
				1F6550E322F34D0D005C74E3 /* Main.storyboard in Resources */,
			);
			runOnlyForDeploymentPostprocessing = 0;
		};
/* End PBXResourcesBuildPhase section */

/* Begin PBXSourcesBuildPhase section */
		1F6550D422F34D0D005C74E3 /* Sources */ = {
			isa = PBXSourcesBuildPhase;
			buildActionMask = 2147483647;
			files = (
				1F6550E022F34D0D005C74E3 /* ViewController.m in Sources */,
				1F6550EB22F34D0E005C74E3 /* main.m in Sources */,
				1F6550DD22F34D0D005C74E3 /* AppDelegate.m in Sources */,
			);
			runOnlyForDeploymentPostprocessing = 0;
		};
/* End PBXSourcesBuildPhase section */

/* Begin PBXVariantGroup section */
		1F6550E122F34D0D005C74E3 /* Main.storyboard */ = {
			isa = PBXVariantGroup;
			children = (
				1F6550E222F34D0D005C74E3 /* Base */,
			);
			name = Main.storyboard;
			sourceTree = "<group>";
		};
		1F6550E622F34D0E005C74E3 /* LaunchScreen.storyboard */ = {
			isa = PBXVariantGroup;
			children = (
				1F6550E722F34D0E005C74E3 /* Base */,
			);
			name = LaunchScreen.storyboard;
			sourceTree = "<group>";
		};
/* End PBXVariantGroup section */

/* Begin XCBuildConfiguration section */
		1F6550EC22F34D0E005C74E3 /* Debug */ = {
			isa = XCBuildConfiguration;
			buildSettings = {
				ALWAYS_SEARCH_USER_PATHS = NO;
				CLANG_ANALYZER_NONNULL = YES;
				CLANG_ANALYZER_NUMBER_OBJECT_CONVERSION = YES_AGGRESSIVE;
				CLANG_CXX_LANGUAGE_STANDARD = "gnu++14";
				CLANG_CXX_LIBRARY = "libc++";
				CLANG_ENABLE_MODULES = YES;
				CLANG_ENABLE_OBJC_ARC = YES;
				CLANG_ENABLE_OBJC_WEAK = YES;
				CLANG_WARN_BLOCK_CAPTURE_AUTORELEASING = YES;
				CLANG_WARN_BOOL_CONVERSION = YES;
				CLANG_WARN_COMMA = YES;
				CLANG_WARN_CONSTANT_CONVERSION = YES;
				CLANG_WARN_DEPRECATED_OBJC_IMPLEMENTATIONS = YES;
				CLANG_WARN_DIRECT_OBJC_ISA_USAGE = YES_ERROR;
				CLANG_WARN_DOCUMENTATION_COMMENTS = YES;
				CLANG_WARN_EMPTY_BODY = YES;
				CLANG_WARN_ENUM_CONVERSION = YES;
				CLANG_WARN_INFINITE_RECURSION = YES;
				CLANG_WARN_INT_CONVERSION = YES;
				CLANG_WARN_NON_LITERAL_NULL_CONVERSION = YES;
				CLANG_WARN_OBJC_IMPLICIT_RETAIN_SELF = YES;
				CLANG_WARN_OBJC_LITERAL_CONVERSION = YES;
				CLANG_WARN_OBJC_ROOT_CLASS = YES_ERROR;
				CLANG_WARN_RANGE_LOOP_ANALYSIS = YES;
				CLANG_WARN_STRICT_PROTOTYPES = YES;
				CLANG_WARN_SUSPICIOUS_MOVE = YES;
				CLANG_WARN_UNGUARDED_AVAILABILITY = YES_AGGRESSIVE;
				CLANG_WARN_UNREACHABLE_CODE = YES;
				CLANG_WARN__DUPLICATE_METHOD_MATCH = YES;
				CODE_SIGN_IDENTITY = "iPhone Developer";
				COPY_PHASE_STRIP = NO;
				DEBUG_INFORMATION_FORMAT = dwarf;
				ENABLE_STRICT_OBJC_MSGSEND = YES;
				ENABLE_TESTABILITY = YES;
				GCC_C_LANGUAGE_STANDARD = gnu11;
				GCC_DYNAMIC_NO_PIC = NO;
				GCC_NO_COMMON_BLOCKS = YES;
				GCC_OPTIMIZATION_LEVEL = 0;
				GCC_PREPROCESSOR_DEFINITIONS = (
					"DEBUG=1",
					"$(inherited)",
				);
				GCC_WARN_64_TO_32_BIT_CONVERSION = YES;
				GCC_WARN_ABOUT_RETURN_TYPE = YES_ERROR;
				GCC_WARN_UNDECLARED_SELECTOR = YES;
				GCC_WARN_UNINITIALIZED_AUTOS = YES_AGGRESSIVE;
				GCC_WARN_UNUSED_FUNCTION = YES;
				GCC_WARN_UNUSED_VARIABLE = YES;
				IPHONEOS_DEPLOYMENT_TARGET = 12.1;
				MTL_ENABLE_DEBUG_INFO = INCLUDE_SOURCE;
				MTL_FAST_MATH = YES;
				ONLY_ACTIVE_ARCH = YES;
				SDKROOT = iphoneos;
			};
			name = Debug;
		};
		1F6550ED22F34D0E005C74E3 /* Release */ = {
			isa = XCBuildConfiguration;
			buildSettings = {
				ALWAYS_SEARCH_USER_PATHS = NO;
				CLANG_ANALYZER_NONNULL = YES;
				CLANG_ANALYZER_NUMBER_OBJECT_CONVERSION = YES_AGGRESSIVE;
				CLANG_CXX_LANGUAGE_STANDARD = "gnu++14";
				CLANG_CXX_LIBRARY = "libc++";
				CLANG_ENABLE_MODULES = YES;
				CLANG_ENABLE_OBJC_ARC = YES;
				CLANG_ENABLE_OBJC_WEAK = YES;
				CLANG_WARN_BLOCK_CAPTURE_AUTORELEASING = YES;
				CLANG_WARN_BOOL_CONVERSION = YES;
				CLANG_WARN_COMMA = YES;
				CLANG_WARN_CONSTANT_CONVERSION = YES;
				CLANG_WARN_DEPRECATED_OBJC_IMPLEMENTATIONS = YES;
				CLANG_WARN_DIRECT_OBJC_ISA_USAGE = YES_ERROR;
				CLANG_WARN_DOCUMENTATION_COMMENTS = YES;
				CLANG_WARN_EMPTY_BODY = YES;
				CLANG_WARN_ENUM_CONVERSION = YES;
				CLANG_WARN_INFINITE_RECURSION = YES;
				CLANG_WARN_INT_CONVERSION = YES;
				CLANG_WARN_NON_LITERAL_NULL_CONVERSION = YES;
				CLANG_WARN_OBJC_IMPLICIT_RETAIN_SELF = YES;
				CLANG_WARN_OBJC_LITERAL_CONVERSION = YES;
				CLANG_WARN_OBJC_ROOT_CLASS = YES_ERROR;
				CLANG_WARN_RANGE_LOOP_ANALYSIS = YES;
				CLANG_WARN_STRICT_PROTOTYPES = YES;
				CLANG_WARN_SUSPICIOUS_MOVE = YES;
				CLANG_WARN_UNGUARDED_AVAILABILITY = YES_AGGRESSIVE;
				CLANG_WARN_UNREACHABLE_CODE = YES;
				CLANG_WARN__DUPLICATE_METHOD_MATCH = YES;
				CODE_SIGN_IDENTITY = "iPhone Developer";
				COPY_PHASE_STRIP = NO;
				DEBUG_INFORMATION_FORMAT = "dwarf-with-dsym";
				ENABLE_NS_ASSERTIONS = NO;
				ENABLE_STRICT_OBJC_MSGSEND = YES;
				GCC_C_LANGUAGE_STANDARD = gnu11;
				GCC_NO_COMMON_BLOCKS = YES;
				GCC_WARN_64_TO_32_BIT_CONVERSION = YES;
				GCC_WARN_ABOUT_RETURN_TYPE = YES_ERROR;
				GCC_WARN_UNDECLARED_SELECTOR = YES;
				GCC_WARN_UNINITIALIZED_AUTOS = YES_AGGRESSIVE;
				GCC_WARN_UNUSED_FUNCTION = YES;
				GCC_WARN_UNUSED_VARIABLE = YES;
				IPHONEOS_DEPLOYMENT_TARGET = 12.1;
				MTL_ENABLE_DEBUG_INFO = NO;
				MTL_FAST_MATH = YES;
				SDKROOT = iphoneos;
				VALIDATE_PRODUCT = YES;
			};
			name = Release;
		};
		1F6550EF22F34D0E005C74E3 /* Debug */ = {
			isa = XCBuildConfiguration;
			buildSettings = {
				ASSETCATALOG_COMPILER_APPICON_NAME = AppIcon;
				CODE_SIGN_STYLE = Automatic;
				DEVELOPMENT_TEAM = T3599UP2ZB;
				INFOPLIST_FILE = GesturesTask/Info.plist;
				LD_RUNPATH_SEARCH_PATHS = (
					"$(inherited)",
					"@executable_path/Frameworks",
				);
				PRODUCT_BUNDLE_IDENTIFIER = com.aleksandrshuskov.GesturesTask;
				PRODUCT_NAME = "$(TARGET_NAME)";
				TARGETED_DEVICE_FAMILY = "1,2";
			};
			name = Debug;
		};
		1F6550F022F34D0E005C74E3 /* Release */ = {
			isa = XCBuildConfiguration;
			buildSettings = {
				ASSETCATALOG_COMPILER_APPICON_NAME = AppIcon;
				CODE_SIGN_STYLE = Automatic;
				DEVELOPMENT_TEAM = T3599UP2ZB;
				INFOPLIST_FILE = GesturesTask/Info.plist;
				LD_RUNPATH_SEARCH_PATHS = (
					"$(inherited)",
					"@executable_path/Frameworks",
				);
				PRODUCT_BUNDLE_IDENTIFIER = com.aleksandrshuskov.GesturesTask;
				PRODUCT_NAME = "$(TARGET_NAME)";
				TARGETED_DEVICE_FAMILY = "1,2";
			};
			name = Release;
		};
/* End XCBuildConfiguration section */

/* Begin XCConfigurationList section */
		1F6550D322F34D0D005C74E3 /* Build configuration list for PBXProject "GesturesTask" */ = {
			isa = XCConfigurationList;
			buildConfigurations = (
				1F6550EC22F34D0E005C74E3 /* Debug */,
				1F6550ED22F34D0E005C74E3 /* Release */,
			);
			defaultConfigurationIsVisible = 0;
			defaultConfigurationName = Release;
		};
		1F6550EE22F34D0E005C74E3 /* Build configuration list for PBXNativeTarget "GesturesTask" */ = {
			isa = XCConfigurationList;
			buildConfigurations = (
				1F6550EF22F34D0E005C74E3 /* Debug */,
				1F6550F022F34D0E005C74E3 /* Release */,
			);
			defaultConfigurationIsVisible = 0;
			defaultConfigurationName = Release;
		};
/* End XCConfigurationList section */
	};
	rootObject = 1F6550D022F34D0D005C74E3 /* Project object */;
}
