// !$*UTF8*$!
{
	archiveVersion = 1;
	classes = {
	};
	objectVersion = 50;
	objects = {

/* Begin PBXBuildFile section */
		1F613F6822E1CE2F0004E452 /* AppDelegate.m in Sources */ = {isa = PBXBuildFile; fileRef = 1F613F6722E1CE2F0004E452 /* AppDelegate.m */; };
		1F613F6B22E1CE2F0004E452 /* ViewController.m in Sources */ = {isa = PBXBuildFile; fileRef = 1F613F6A22E1CE2F0004E452 /* ViewController.m */; };
		1F613F6E22E1CE2F0004E452 /* Main.storyboard in Resources */ = {isa = PBXBuildFile; fileRef = 1F613F6C22E1CE2F0004E452 /* Main.storyboard */; };
		1F613F7022E1CE300004E452 /* Assets.xcassets in Resources */ = {isa = PBXBuildFile; fileRef = 1F613F6F22E1CE300004E452 /* Assets.xcassets */; };
		1F613F7322E1CE300004E452 /* LaunchScreen.storyboard in Resources */ = {isa = PBXBuildFile; fileRef = 1F613F7122E1CE300004E452 /* LaunchScreen.storyboard */; };
		1F613F7622E1CE300004E452 /* main.m in Sources */ = {isa = PBXBuildFile; fileRef = 1F613F7522E1CE300004E452 /* main.m */; };
		1FEF33BB22E7B228007922C3 /* 2.png in Resources */ = {isa = PBXBuildFile; fileRef = 1FEF33B822E7B228007922C3 /* 2.png */; };
		1FEF33BC22E7B228007922C3 /* 3.png in Resources */ = {isa = PBXBuildFile; fileRef = 1FEF33B922E7B228007922C3 /* 3.png */; };
		1FEF33BD22E7B228007922C3 /* 1.png in Resources */ = {isa = PBXBuildFile; fileRef = 1FEF33BA22E7B228007922C3 /* 1.png */; };
		1FF3259A22FEF58600CAE534 /* UIColor+Utility.m in Sources */ = {isa = PBXBuildFile; fileRef = 1FF3259922FEF58600CAE534 /* UIColor+Utility.m */; };
/* End PBXBuildFile section */

/* Begin PBXFileReference section */
		1F613F6322E1CE2F0004E452 /* AnimationsTask.app */ = {isa = PBXFileReference; explicitFileType = wrapper.application; includeInIndex = 0; path = AnimationsTask.app; sourceTree = BUILT_PRODUCTS_DIR; };
		1F613F6622E1CE2F0004E452 /* AppDelegate.h */ = {isa = PBXFileReference; lastKnownFileType = sourcecode.c.h; path = AppDelegate.h; sourceTree = "<group>"; };
		1F613F6722E1CE2F0004E452 /* AppDelegate.m */ = {isa = PBXFileReference; lastKnownFileType = sourcecode.c.objc; path = AppDelegate.m; sourceTree = "<group>"; };
		1F613F6922E1CE2F0004E452 /* ViewController.h */ = {isa = PBXFileReference; lastKnownFileType = sourcecode.c.h; path = ViewController.h; sourceTree = "<group>"; };
		1F613F6A22E1CE2F0004E452 /* ViewController.m */ = {isa = PBXFileReference; lastKnownFileType = sourcecode.c.objc; path = ViewController.m; sourceTree = "<group>"; };
		1F613F6D22E1CE2F0004E452 /* Base */ = {isa = PBXFileReference; lastKnownFileType = file.storyboard; name = Base; path = Base.lproj/Main.storyboard; sourceTree = "<group>"; };
		1F613F6F22E1CE300004E452 /* Assets.xcassets */ = {isa = PBXFileReference; lastKnownFileType = folder.assetcatalog; path = Assets.xcassets; sourceTree = "<group>"; };
		1F613F7222E1CE300004E452 /* Base */ = {isa = PBXFileReference; lastKnownFileType = file.storyboard; name = Base; path = Base.lproj/LaunchScreen.storyboard; sourceTree = "<group>"; };
		1F613F7422E1CE300004E452 /* Info.plist */ = {isa = PBXFileReference; lastKnownFileType = text.plist.xml; path = Info.plist; sourceTree = "<group>"; };
		1F613F7522E1CE300004E452 /* main.m */ = {isa = PBXFileReference; lastKnownFileType = sourcecode.c.objc; path = main.m; sourceTree = "<group>"; };
		1FEF33B822E7B228007922C3 /* 2.png */ = {isa = PBXFileReference; lastKnownFileType = image.png; path = 2.png; sourceTree = "<group>"; };
		1FEF33B922E7B228007922C3 /* 3.png */ = {isa = PBXFileReference; lastKnownFileType = image.png; path = 3.png; sourceTree = "<group>"; };
		1FEF33BA22E7B228007922C3 /* 1.png */ = {isa = PBXFileReference; lastKnownFileType = image.png; path = 1.png; sourceTree = "<group>"; };
		1FF3259822FEF58600CAE534 /* UIColor+Utility.h */ = {isa = PBXFileReference; lastKnownFileType = sourcecode.c.h; path = "UIColor+Utility.h"; sourceTree = "<group>"; };
		1FF3259922FEF58600CAE534 /* UIColor+Utility.m */ = {isa = PBXFileReference; lastKnownFileType = sourcecode.c.objc; path = "UIColor+Utility.m"; sourceTree = "<group>"; };
/* End PBXFileReference section */

/* Begin PBXFrameworksBuildPhase section */
		1F613F6022E1CE2F0004E452 /* Frameworks */ = {
			isa = PBXFrameworksBuildPhase;
			buildActionMask = 2147483647;
			files = (
			);
			runOnlyForDeploymentPostprocessing = 0;
		};
/* End PBXFrameworksBuildPhase section */

/* Begin PBXGroup section */
		1F613F5A22E1CE2F0004E452 = {
			isa = PBXGroup;
			children = (
				1F613F6522E1CE2F0004E452 /* AnimationsTask */,
				1FEF33B722E7B228007922C3 /* ImageFiles */,
				1F613F6422E1CE2F0004E452 /* Products */,
			);
			sourceTree = "<group>";
		};
		1F613F6422E1CE2F0004E452 /* Products */ = {
			isa = PBXGroup;
			children = (
				1F613F6322E1CE2F0004E452 /* AnimationsTask.app */,
			);
			name = Products;
			sourceTree = "<group>";
		};
		1F613F6522E1CE2F0004E452 /* AnimationsTask */ = {
			isa = PBXGroup;
			children = (
				1F613F6622E1CE2F0004E452 /* AppDelegate.h */,
				1F613F6722E1CE2F0004E452 /* AppDelegate.m */,
				1F613F6922E1CE2F0004E452 /* ViewController.h */,
				1F613F6A22E1CE2F0004E452 /* ViewController.m */,
				1F613F6C22E1CE2F0004E452 /* Main.storyboard */,
				1F613F6F22E1CE300004E452 /* Assets.xcassets */,
				1F613F7122E1CE300004E452 /* LaunchScreen.storyboard */,
				1F613F7422E1CE300004E452 /* Info.plist */,
				1F613F7522E1CE300004E452 /* main.m */,
				1FF3259822FEF58600CAE534 /* UIColor+Utility.h */,
				1FF3259922FEF58600CAE534 /* UIColor+Utility.m */,
			);
			path = AnimationsTask;
			sourceTree = "<group>";
		};
		1FEF33B722E7B228007922C3 /* ImageFiles */ = {
			isa = PBXGroup;
			children = (
				1FEF33B822E7B228007922C3 /* 2.png */,
				1FEF33B922E7B228007922C3 /* 3.png */,
				1FEF33BA22E7B228007922C3 /* 1.png */,
			);
			path = ImageFiles;
			sourceTree = "<group>";
		};
/* End PBXGroup section */

/* Begin PBXNativeTarget section */
		1F613F6222E1CE2F0004E452 /* AnimationsTask */ = {
			isa = PBXNativeTarget;
			buildConfigurationList = 1F613F7922E1CE300004E452 /* Build configuration list for PBXNativeTarget "AnimationsTask" */;
			buildPhases = (
				1F613F5F22E1CE2F0004E452 /* Sources */,
				1F613F6022E1CE2F0004E452 /* Frameworks */,
				1F613F6122E1CE2F0004E452 /* Resources */,
			);
			buildRules = (
			);
			dependencies = (
			);
			name = AnimationsTask;
			productName = AnimationsTask;
			productReference = 1F613F6322E1CE2F0004E452 /* AnimationsTask.app */;
			productType = "com.apple.product-type.application";
		};
/* End PBXNativeTarget section */

/* Begin PBXProject section */
		1F613F5B22E1CE2F0004E452 /* Project object */ = {
			isa = PBXProject;
			attributes = {
				LastUpgradeCheck = 1010;
				ORGANIZATIONNAME = "Aleksandr Shushkov";
				TargetAttributes = {
					1F613F6222E1CE2F0004E452 = {
						CreatedOnToolsVersion = 10.1;
					};
				};
			};
			buildConfigurationList = 1F613F5E22E1CE2F0004E452 /* Build configuration list for PBXProject "AnimationsTask" */;
			compatibilityVersion = "Xcode 9.3";
			developmentRegion = en;
			hasScannedForEncodings = 0;
			knownRegions = (
				en,
				Base,
			);
			mainGroup = 1F613F5A22E1CE2F0004E452;
			productRefGroup = 1F613F6422E1CE2F0004E452 /* Products */;
			projectDirPath = "";
			projectRoot = "";
			targets = (
				1F613F6222E1CE2F0004E452 /* AnimationsTask */,
			);
		};
/* End PBXProject section */

/* Begin PBXResourcesBuildPhase section */
		1F613F6122E1CE2F0004E452 /* Resources */ = {
			isa = PBXResourcesBuildPhase;
			buildActionMask = 2147483647;
			files = (
				1FEF33BC22E7B228007922C3 /* 3.png in Resources */,
				1F613F7322E1CE300004E452 /* LaunchScreen.storyboard in Resources */,
				1F613F7022E1CE300004E452 /* Assets.xcassets in Resources */,
				1FEF33BD22E7B228007922C3 /* 1.png in Resources */,
				1FEF33BB22E7B228007922C3 /* 2.png in Resources */,
				1F613F6E22E1CE2F0004E452 /* Main.storyboard in Resources */,
			);
			runOnlyForDeploymentPostprocessing = 0;
		};
/* End PBXResourcesBuildPhase section */

/* Begin PBXSourcesBuildPhase section */
		1F613F5F22E1CE2F0004E452 /* Sources */ = {
			isa = PBXSourcesBuildPhase;
			buildActionMask = 2147483647;
			files = (
				1FF3259A22FEF58600CAE534 /* UIColor+Utility.m in Sources */,
				1F613F6B22E1CE2F0004E452 /* ViewController.m in Sources */,
				1F613F7622E1CE300004E452 /* main.m in Sources */,
				1F613F6822E1CE2F0004E452 /* AppDelegate.m in Sources */,
			);
			runOnlyForDeploymentPostprocessing = 0;
		};
/* End PBXSourcesBuildPhase section */

/* Begin PBXVariantGroup section */
		1F613F6C22E1CE2F0004E452 /* Main.storyboard */ = {
			isa = PBXVariantGroup;
			children = (
				1F613F6D22E1CE2F0004E452 /* Base */,
			);
			name = Main.storyboard;
			sourceTree = "<group>";
		};
		1F613F7122E1CE300004E452 /* LaunchScreen.storyboard */ = {
			isa = PBXVariantGroup;
			children = (
				1F613F7222E1CE300004E452 /* Base */,
			);
			name = LaunchScreen.storyboard;
			sourceTree = "<group>";
		};
/* End PBXVariantGroup section */

/* Begin XCBuildConfiguration section */
		1F613F7722E1CE300004E452 /* Debug */ = {
			isa = XCBuildConfiguration;
			buildSettings = {
				ALWAYS_SEARCH_USER_PATHS = NO;
				CLANG_ANALYZER_NONNULL = YES;
				CLANG_ANALYZER_NUMBER_OBJECT_CONVERSION = YES_AGGRESSIVE;
				CLANG_CXX_LANGUAGE_STANDARD = "gnu++14";
				CLANG_CXX_LIBRARY = "libc++";
				CLANG_ENABLE_MODULES = YES;
				CLANG_ENABLE_OBJC_ARC = YES;
				CLANG_ENABLE_OBJC_WEAK = YES;
				CLANG_WARN_BLOCK_CAPTURE_AUTORELEASING = YES;
				CLANG_WARN_BOOL_CONVERSION = YES;
				CLANG_WARN_COMMA = YES;
				CLANG_WARN_CONSTANT_CONVERSION = YES;
				CLANG_WARN_DEPRECATED_OBJC_IMPLEMENTATIONS = YES;
				CLANG_WARN_DIRECT_OBJC_ISA_USAGE = YES_ERROR;
				CLANG_WARN_DOCUMENTATION_COMMENTS = YES;
				CLANG_WARN_EMPTY_BODY = YES;
				CLANG_WARN_ENUM_CONVERSION = YES;
				CLANG_WARN_INFINITE_RECURSION = YES;
				CLANG_WARN_INT_CONVERSION = YES;
				CLANG_WARN_NON_LITERAL_NULL_CONVERSION = YES;
				CLANG_WARN_OBJC_IMPLICIT_RETAIN_SELF = YES;
				CLANG_WARN_OBJC_LITERAL_CONVERSION = YES;
				CLANG_WARN_OBJC_ROOT_CLASS = YES_ERROR;
				CLANG_WARN_RANGE_LOOP_ANALYSIS = YES;
				CLANG_WARN_STRICT_PROTOTYPES = YES;
				CLANG_WARN_SUSPICIOUS_MOVE = YES;
				CLANG_WARN_UNGUARDED_AVAILABILITY = YES_AGGRESSIVE;
				CLANG_WARN_UNREACHABLE_CODE = YES;
				CLANG_WARN__DUPLICATE_METHOD_MATCH = YES;
				CODE_SIGN_IDENTITY = "iPhone Developer";
				COPY_PHASE_STRIP = NO;
				DEBUG_INFORMATION_FORMAT = dwarf;
				ENABLE_STRICT_OBJC_MSGSEND = YES;
				ENABLE_TESTABILITY = YES;
				GCC_C_LANGUAGE_STANDARD = gnu11;
				GCC_DYNAMIC_NO_PIC = NO;
				GCC_NO_COMMON_BLOCKS = YES;
				GCC_OPTIMIZATION_LEVEL = 0;
				GCC_PREPROCESSOR_DEFINITIONS = (
					"DEBUG=1",
					"$(inherited)",
				);
				GCC_WARN_64_TO_32_BIT_CONVERSION = YES;
				GCC_WARN_ABOUT_RETURN_TYPE = YES_ERROR;
				GCC_WARN_UNDECLARED_SELECTOR = YES;
				GCC_WARN_UNINITIALIZED_AUTOS = YES_AGGRESSIVE;
				GCC_WARN_UNUSED_FUNCTION = YES;
				GCC_WARN_UNUSED_VARIABLE = YES;
				IPHONEOS_DEPLOYMENT_TARGET = 12.1;
				MTL_ENABLE_DEBUG_INFO = INCLUDE_SOURCE;
				MTL_FAST_MATH = YES;
				ONLY_ACTIVE_ARCH = YES;
				SDKROOT = iphoneos;
			};
			name = Debug;
		};
		1F613F7822E1CE300004E452 /* Release */ = {
			isa = XCBuildConfiguration;
			buildSettings = {
				ALWAYS_SEARCH_USER_PATHS = NO;
				CLANG_ANALYZER_NONNULL = YES;
				CLANG_ANALYZER_NUMBER_OBJECT_CONVERSION = YES_AGGRESSIVE;
				CLANG_CXX_LANGUAGE_STANDARD = "gnu++14";
				CLANG_CXX_LIBRARY = "libc++";
				CLANG_ENABLE_MODULES = YES;
				CLANG_ENABLE_OBJC_ARC = YES;
				CLANG_ENABLE_OBJC_WEAK = YES;
				CLANG_WARN_BLOCK_CAPTURE_AUTORELEASING = YES;
				CLANG_WARN_BOOL_CONVERSION = YES;
				CLANG_WARN_COMMA = YES;
				CLANG_WARN_CONSTANT_CONVERSION = YES;
				CLANG_WARN_DEPRECATED_OBJC_IMPLEMENTATIONS = YES;
				CLANG_WARN_DIRECT_OBJC_ISA_USAGE = YES_ERROR;
				CLANG_WARN_DOCUMENTATION_COMMENTS = YES;
				CLANG_WARN_EMPTY_BODY = YES;
				CLANG_WARN_ENUM_CONVERSION = YES;
				CLANG_WARN_INFINITE_RECURSION = YES;
				CLANG_WARN_INT_CONVERSION = YES;
				CLANG_WARN_NON_LITERAL_NULL_CONVERSION = YES;
				CLANG_WARN_OBJC_IMPLICIT_RETAIN_SELF = YES;
				CLANG_WARN_OBJC_LITERAL_CONVERSION = YES;
				CLANG_WARN_OBJC_ROOT_CLASS = YES_ERROR;
				CLANG_WARN_RANGE_LOOP_ANALYSIS = YES;
				CLANG_WARN_STRICT_PROTOTYPES = YES;
				CLANG_WARN_SUSPICIOUS_MOVE = YES;
				CLANG_WARN_UNGUARDED_AVAILABILITY = YES_AGGRESSIVE;
				CLANG_WARN_UNREACHABLE_CODE = YES;
				CLANG_WARN__DUPLICATE_METHOD_MATCH = YES;
				CODE_SIGN_IDENTITY = "iPhone Developer";
				COPY_PHASE_STRIP = NO;
				DEBUG_INFORMATION_FORMAT = "dwarf-with-dsym";
				ENABLE_NS_ASSERTIONS = NO;
				ENABLE_STRICT_OBJC_MSGSEND = YES;
				GCC_C_LANGUAGE_STANDARD = gnu11;
				GCC_NO_COMMON_BLOCKS = YES;
				GCC_WARN_64_TO_32_BIT_CONVERSION = YES;
				GCC_WARN_ABOUT_RETURN_TYPE = YES_ERROR;
				GCC_WARN_UNDECLARED_SELECTOR = YES;
				GCC_WARN_UNINITIALIZED_AUTOS = YES_AGGRESSIVE;
				GCC_WARN_UNUSED_FUNCTION = YES;
				GCC_WARN_UNUSED_VARIABLE = YES;
				IPHONEOS_DEPLOYMENT_TARGET = 12.1;
				MTL_ENABLE_DEBUG_INFO = NO;
				MTL_FAST_MATH = YES;
				SDKROOT = iphoneos;
				VALIDATE_PRODUCT = YES;
			};
			name = Release;
		};
		1F613F7A22E1CE300004E452 /* Debug */ = {
			isa = XCBuildConfiguration;
			buildSettings = {
				ASSETCATALOG_COMPILER_APPICON_NAME = AppIcon;
				CODE_SIGN_STYLE = Automatic;
				DEVELOPMENT_TEAM = T3599UP2ZB;
				INFOPLIST_FILE = AnimationsTask/Info.plist;
				LD_RUNPATH_SEARCH_PATHS = (
					"$(inherited)",
					"@executable_path/Frameworks",
				);
				PRODUCT_BUNDLE_IDENTIFIER = com.aleksandrshuskov.AnimationsTask;
				PRODUCT_NAME = "$(TARGET_NAME)";
				TARGETED_DEVICE_FAMILY = "1,2";
			};
			name = Debug;
		};
		1F613F7B22E1CE300004E452 /* Release */ = {
			isa = XCBuildConfiguration;
			buildSettings = {
				ASSETCATALOG_COMPILER_APPICON_NAME = AppIcon;
				CODE_SIGN_STYLE = Automatic;
				DEVELOPMENT_TEAM = T3599UP2ZB;
				INFOPLIST_FILE = AnimationsTask/Info.plist;
				LD_RUNPATH_SEARCH_PATHS = (
					"$(inherited)",
					"@executable_path/Frameworks",
				);
				PRODUCT_BUNDLE_IDENTIFIER = com.aleksandrshuskov.AnimationsTask;
				PRODUCT_NAME = "$(TARGET_NAME)";
				TARGETED_DEVICE_FAMILY = "1,2";
			};
			name = Release;
		};
/* End XCBuildConfiguration section */

/* Begin XCConfigurationList section */
		1F613F5E22E1CE2F0004E452 /* Build configuration list for PBXProject "AnimationsTask" */ = {
			isa = XCConfigurationList;
			buildConfigurations = (
				1F613F7722E1CE300004E452 /* Debug */,
				1F613F7822E1CE300004E452 /* Release */,
			);
			defaultConfigurationIsVisible = 0;
			defaultConfigurationName = Release;
		};
		1F613F7922E1CE300004E452 /* Build configuration list for PBXNativeTarget "AnimationsTask" */ = {
			isa = XCConfigurationList;
			buildConfigurations = (
				1F613F7A22E1CE300004E452 /* Debug */,
				1F613F7B22E1CE300004E452 /* Release */,
			);
			defaultConfigurationIsVisible = 0;
			defaultConfigurationName = Release;
		};
/* End XCConfigurationList section */
	};
	rootObject = 1F613F5B22E1CE2F0004E452 /* Project object */;
}
